# THIS IS AN AUTOGENERATED FILE. DO NOT EDIT THIS FILE DIRECTLY.
# yarn lockfile v1


next-absolute-url@^1.2.2:
  version "1.2.2"
  resolved "https://registry.yarnpkg.com/next-absolute-url/-/next-absolute-url-1.2.2.tgz#9aba5adcee8effcffd63271d99e13213ad04c23b"
  integrity sha512-Z2+LZXQTthhw2je9u4eq8QWXxXd57a6b54x9exBfQX4Dct6YxaMjcXZWNLHd9AOlCue84EsMpdSGP7wACqUnPg==
